
Microsoft Visual Studio Solution File, Format Version 12.00
# Visual Studio Version 17
VisualStudioVersion = 17.2.32526.322
MinimumVisualStudioVersion = 10.0.40219.1
Project("{9A19103F-16F7-4668-BE54-9A1E7A4F7556}") = "HDS.Server", "HDS.Server\HDS.Server.csproj", "{E3A397E9-3C1E-4F32-BA80-F98AC233F38D}"
EndProject
Project("{9A19103F-16F7-4668-BE54-9A1E7A4F7556}") = "HDS.Core", "HDS.Core\HDS.Core.csproj", "{2ED5654D-AC3C-4616-87A3-0034103DE7DE}"
EndProject
Project("{9A19103F-16F7-4668-BE54-9A1E7A4F7556}") = "HDS.Core.Tests", "HDS.Core.Tests\HDS.Core.Tests.csproj", "{42EEF030-6C52-4295-9E23-C54123B682DD}"
EndProject
Project("{2150E333-8FDC-42A3-9474-1A3956D46DE8}") = "src", "src", "{431168EF-8B54-4361-B8FC-CA3D66700361}"
EndProject
Project("{2150E333-8FDC-42A3-9474-1A3956D46DE8}") = "Tests", "Tests", "{1139368F-82EC-4EF8-8F93-4A9D45E50116}"
EndProject
Project("{FAE04EC0-301F-11D3-BF4B-00C04F79EFBC}") = "HDS.Client", "HDS.Client\HDS.Client.csproj", "{4907186E-0FEE-47DF-A862-387ADF4303BC}"
EndProject
Global
	GlobalSection(SolutionConfigurationPlatforms) = preSolution
		Debug|Any CPU = Debug|Any CPU
		Release|Any CPU = Release|Any CPU
	EndGlobalSection
	GlobalSection(ProjectConfigurationPlatforms) = postSolution
		{E3A397E9-3C1E-4F32-BA80-F98AC233F38D}.Debug|Any CPU.ActiveCfg = Debug|Any CPU
		{E3A397E9-3C1E-4F32-BA80-F98AC233F38D}.Debug|Any CPU.Build.0 = Debug|Any CPU
		{E3A397E9-3C1E-4F32-BA80-F98AC233F38D}.Release|Any CPU.ActiveCfg = Release|Any CPU
		{E3A397E9-3C1E-4F32-BA80-F98AC233F38D}.Release|Any CPU.Build.0 = Release|Any CPU
		{2ED5654D-AC3C-4616-87A3-0034103DE7DE}.Debug|Any CPU.ActiveCfg = Debug|Any CPU
		{2ED5654D-AC3C-4616-87A3-0034103DE7DE}.Debug|Any CPU.Build.0 = Debug|Any CPU
		{2ED5654D-AC3C-4616-87A3-0034103DE7DE}.Release|Any CPU.ActiveCfg = Release|Any CPU
		{2ED5654D-AC3C-4616-87A3-0034103DE7DE}.Release|Any CPU.Build.0 = Release|Any CPU
		{42EEF030-6C52-4295-9E23-C54123B682DD}.Debug|Any CPU.ActiveCfg = Debug|Any CPU
		{42EEF030-6C52-4295-9E23-C54123B682DD}.Debug|Any CPU.Build.0 = Debug|Any CPU
		{42EEF030-6C52-4295-9E23-C54123B682DD}.Release|Any CPU.ActiveCfg = Release|Any CPU
		{42EEF030-6C52-4295-9E23-C54123B682DD}.Release|Any CPU.Build.0 = Release|Any CPU
		{4907186E-0FEE-47DF-A862-387ADF4303BC}.Debug|Any CPU.ActiveCfg = Debug|Any CPU
		{4907186E-0FEE-47DF-A862-387ADF4303BC}.Debug|Any CPU.Build.0 = Debug|Any CPU
		{4907186E-0FEE-47DF-A862-387ADF4303BC}.Release|Any CPU.ActiveCfg = Release|Any CPU
		{4907186E-0FEE-47DF-A862-387ADF4303BC}.Release|Any CPU.Build.0 = Release|Any CPU
	EndGlobalSection
	GlobalSection(SolutionProperties) = preSolution
		HideSolutionNode = FALSE
	EndGlobalSection
	GlobalSection(NestedProjects) = preSolution
		{E3A397E9-3C1E-4F32-BA80-F98AC233F38D} = {431168EF-8B54-4361-B8FC-CA3D66700361}
		{2ED5654D-AC3C-4616-87A3-0034103DE7DE} = {431168EF-8B54-4361-B8FC-CA3D66700361}
		{42EEF030-6C52-4295-9E23-C54123B682DD} = {1139368F-82EC-4EF8-8F93-4A9D45E50116}
		{4907186E-0FEE-47DF-A862-387ADF4303BC} = {431168EF-8B54-4361-B8FC-CA3D66700361}
	EndGlobalSection
	GlobalSection(ExtensibilityGlobals) = postSolution
		SolutionGuid = {55B3C634-97E0-4827-B67B-54D62062EE7F}
	EndGlobalSection
EndGlobal
