
Microsoft Visual Studio Solution File, Format Version 12.00
# Visual Studio Version 17
VisualStudioVersion = 17.2.32526.322
MinimumVisualStudioVersion = 10.0.40219.1
Project("{9A19103F-16F7-4668-BE54-9A1E7A4F7556}") = "Server", "src\Server\Server.csproj", "{E3A397E9-3C1E-4F32-BA80-F98AC233F38D}"
EndProject
Project("{9A19103F-16F7-4668-BE54-9A1E7A4F7556}") = "Infrastructure", "src\Infrastructure\Infrastructure.csproj", "{F2DE65CE-333F-4199-8F39-89D8093E2185}"
EndProject
Project("{9A19103F-16F7-4668-BE54-9A1E7A4F7556}") = "Application", "src\Application\Application.csproj", "{A44888FB-BB4B-4959-AB46-C1AAEF5634C9}"
EndProject
Project("{9A19103F-16F7-4668-BE54-9A1E7A4F7556}") = "Core", "src\Core\Core.csproj", "{2ED5654D-AC3C-4616-87A3-0034103DE7DE}"
EndProject
Project("{9A19103F-16F7-4668-BE54-9A1E7A4F7556}") = "MathCore", "src\MathCore\MathCore.csproj", "{6CE8E79A-7513-473C-93AD-46EB07D11CD7}"
EndProject
Project("{2150E333-8FDC-42A3-9474-1A3956D46DE8}") = "src", "src", "{431168EF-8B54-4361-B8FC-CA3D66700361}"
EndProject
Project("{2150E333-8FDC-42A3-9474-1A3956D46DE8}") = "tests", "tests", "{1139368F-82EC-4EF8-8F93-4A9D45E50116}"
EndProject
Project("{E53339B2-1760-4266-BCC7-CA923CBCF16C}") = "docker-compose", "docker-compose.dcproj", "{58C14CD7-9E2E-4073-9952-682E52F4B772}"
EndProject
Project("{2150E333-8FDC-42A3-9474-1A3956D46DE8}") = "files", "files", "{A4E2993A-FCF1-4EBB-BF37-82D14ACC60A0}"
	ProjectSection(SolutionItems) = preProject
		.env = .env
		.env.sample = .env.sample
		.gitignore = .gitignore
	EndProjectSection
EndProject
Project("{9A19103F-16F7-4668-BE54-9A1E7A4F7556}") = "Core.UnitTests", "tests\Core.UnitTests\Core.UnitTests.csproj", "{382F5B7D-8C7C-4D2D-9180-30BBC47D74A4}"
EndProject
Global
	GlobalSection(SolutionConfigurationPlatforms) = preSolution
		Debug|Any CPU = Debug|Any CPU
		Release|Any CPU = Release|Any CPU
	EndGlobalSection
	GlobalSection(ProjectConfigurationPlatforms) = postSolution
		{E3A397E9-3C1E-4F32-BA80-F98AC233F38D}.Debug|Any CPU.ActiveCfg = Debug|Any CPU
		{E3A397E9-3C1E-4F32-BA80-F98AC233F38D}.Debug|Any CPU.Build.0 = Debug|Any CPU
		{E3A397E9-3C1E-4F32-BA80-F98AC233F38D}.Release|Any CPU.ActiveCfg = Release|Any CPU
		{E3A397E9-3C1E-4F32-BA80-F98AC233F38D}.Release|Any CPU.Build.0 = Release|Any CPU
		{F2DE65CE-333F-4199-8F39-89D8093E2185}.Debug|Any CPU.ActiveCfg = Debug|Any CPU
		{F2DE65CE-333F-4199-8F39-89D8093E2185}.Debug|Any CPU.Build.0 = Debug|Any CPU
		{F2DE65CE-333F-4199-8F39-89D8093E2185}.Release|Any CPU.ActiveCfg = Release|Any CPU
		{F2DE65CE-333F-4199-8F39-89D8093E2185}.Release|Any CPU.Build.0 = Release|Any CPU
		{A44888FB-BB4B-4959-AB46-C1AAEF5634C9}.Debug|Any CPU.ActiveCfg = Debug|Any CPU
		{A44888FB-BB4B-4959-AB46-C1AAEF5634C9}.Debug|Any CPU.Build.0 = Debug|Any CPU
		{A44888FB-BB4B-4959-AB46-C1AAEF5634C9}.Release|Any CPU.ActiveCfg = Release|Any CPU
		{A44888FB-BB4B-4959-AB46-C1AAEF5634C9}.Release|Any CPU.Build.0 = Release|Any CPU
		{2ED5654D-AC3C-4616-87A3-0034103DE7DE}.Debug|Any CPU.ActiveCfg = Debug|Any CPU
		{2ED5654D-AC3C-4616-87A3-0034103DE7DE}.Debug|Any CPU.Build.0 = Debug|Any CPU
		{2ED5654D-AC3C-4616-87A3-0034103DE7DE}.Release|Any CPU.ActiveCfg = Release|Any CPU
		{2ED5654D-AC3C-4616-87A3-0034103DE7DE}.Release|Any CPU.Build.0 = Release|Any CPU
		{6CE8E79A-7513-473C-93AD-46EB07D11CD7}.Debug|Any CPU.ActiveCfg = Debug|Any CPU
		{6CE8E79A-7513-473C-93AD-46EB07D11CD7}.Debug|Any CPU.Build.0 = Debug|Any CPU
		{6CE8E79A-7513-473C-93AD-46EB07D11CD7}.Release|Any CPU.ActiveCfg = Release|Any CPU
		{6CE8E79A-7513-473C-93AD-46EB07D11CD7}.Release|Any CPU.Build.0 = Release|Any CPU
		{58C14CD7-9E2E-4073-9952-682E52F4B772}.Debug|Any CPU.ActiveCfg = Debug|Any CPU
		{58C14CD7-9E2E-4073-9952-682E52F4B772}.Debug|Any CPU.Build.0 = Debug|Any CPU
		{58C14CD7-9E2E-4073-9952-682E52F4B772}.Release|Any CPU.ActiveCfg = Release|Any CPU
		{58C14CD7-9E2E-4073-9952-682E52F4B772}.Release|Any CPU.Build.0 = Release|Any CPU
		{382F5B7D-8C7C-4D2D-9180-30BBC47D74A4}.Debug|Any CPU.ActiveCfg = Debug|Any CPU
		{382F5B7D-8C7C-4D2D-9180-30BBC47D74A4}.Debug|Any CPU.Build.0 = Debug|Any CPU
		{382F5B7D-8C7C-4D2D-9180-30BBC47D74A4}.Release|Any CPU.ActiveCfg = Release|Any CPU
		{382F5B7D-8C7C-4D2D-9180-30BBC47D74A4}.Release|Any CPU.Build.0 = Release|Any CPU
	EndGlobalSection
	GlobalSection(SolutionProperties) = preSolution
		HideSolutionNode = FALSE
	EndGlobalSection
	GlobalSection(NestedProjects) = preSolution
		{E3A397E9-3C1E-4F32-BA80-F98AC233F38D} = {431168EF-8B54-4361-B8FC-CA3D66700361}
		{F2DE65CE-333F-4199-8F39-89D8093E2185} = {431168EF-8B54-4361-B8FC-CA3D66700361}
		{A44888FB-BB4B-4959-AB46-C1AAEF5634C9} = {431168EF-8B54-4361-B8FC-CA3D66700361}
		{2ED5654D-AC3C-4616-87A3-0034103DE7DE} = {431168EF-8B54-4361-B8FC-CA3D66700361}
		{6CE8E79A-7513-473C-93AD-46EB07D11CD7} = {431168EF-8B54-4361-B8FC-CA3D66700361}
		{382F5B7D-8C7C-4D2D-9180-30BBC47D74A4} = {1139368F-82EC-4EF8-8F93-4A9D45E50116}
	EndGlobalSection
	GlobalSection(ExtensibilityGlobals) = postSolution
		SolutionGuid = {55B3C634-97E0-4827-B67B-54D62062EE7F}
	EndGlobalSection
EndGlobal
